// !$*UTF8*$!
{
	archiveVersion = 1;
	classes = {
	};
	objectVersion = 46;
	objects = {

/* Begin PBXBuildFile section */
		931808821C571F6100C735F3 /* AppDelegate.swift in Sources */ = {isa = PBXBuildFile; fileRef = 931808811C571F6100C735F3 /* AppDelegate.swift */; };
		931808841C571F6100C735F3 /* ViewController.swift in Sources */ = {isa = PBXBuildFile; fileRef = 931808831C571F6100C735F3 /* ViewController.swift */; };
		931808871C571F6100C735F3 /* Main.storyboard in Resources */ = {isa = PBXBuildFile; fileRef = 931808851C571F6100C735F3 /* Main.storyboard */; };
		931808891C571F6100C735F3 /* Assets.xcassets in Resources */ = {isa = PBXBuildFile; fileRef = 931808881C571F6100C735F3 /* Assets.xcassets */; };
		9318088C1C571F6100C735F3 /* LaunchScreen.storyboard in Resources */ = {isa = PBXBuildFile; fileRef = 9318088A1C571F6100C735F3 /* LaunchScreen.storyboard */; };
		931808941C57228400C735F3 /* MRDQRCodeReader.swift in Sources */ = {isa = PBXBuildFile; fileRef = 931808931C57228400C735F3 /* MRDQRCodeReader.swift */; };
		931808981C59ED2500C735F3 /* MRDQRCodeReaderViewController.swift in Sources */ = {isa = PBXBuildFile; fileRef = 931808971C59ED2500C735F3 /* MRDQRCodeReaderViewController.swift */; };
		9318089A1C59F08200C735F3 /* MRDQRCodeReaderOverlayView.swift in Sources */ = {isa = PBXBuildFile; fileRef = 931808991C59F08200C735F3 /* MRDQRCodeReaderOverlayView.swift */; };
		9318089C1C59FC5D00C735F3 /* MRDQRCodeReaderViewControllerBuilder.swift in Sources */ = {isa = PBXBuildFile; fileRef = 9318089B1C59FC5D00C735F3 /* MRDQRCodeReaderViewControllerBuilder.swift */; };
/* End PBXBuildFile section */

/* Begin PBXFileReference section */
		9318087E1C571F6100C735F3 /* MRDQRCode.app */ = {isa = PBXFileReference; explicitFileType = wrapper.application; includeInIndex = 0; path = MRDQRCode.app; sourceTree = BUILT_PRODUCTS_DIR; };
		931808811C571F6100C735F3 /* AppDelegate.swift */ = {isa = PBXFileReference; lastKnownFileType = sourcecode.swift; path = AppDelegate.swift; sourceTree = "<group>"; };
		931808831C571F6100C735F3 /* ViewController.swift */ = {isa = PBXFileReference; lastKnownFileType = sourcecode.swift; path = ViewController.swift; sourceTree = "<group>"; };
		931808861C571F6100C735F3 /* Base */ = {isa = PBXFileReference; lastKnownFileType = file.storyboard; name = Base; path = Base.lproj/Main.storyboard; sourceTree = "<group>"; };
		931808881C571F6100C735F3 /* Assets.xcassets */ = {isa = PBXFileReference; lastKnownFileType = folder.assetcatalog; path = Assets.xcassets; sourceTree = "<group>"; };
		9318088B1C571F6100C735F3 /* Base */ = {isa = PBXFileReference; lastKnownFileType = file.storyboard; name = Base; path = Base.lproj/LaunchScreen.storyboard; sourceTree = "<group>"; };
		9318088D1C571F6100C735F3 /* Info.plist */ = {isa = PBXFileReference; lastKnownFileType = text.plist.xml; path = Info.plist; sourceTree = "<group>"; };
		931808931C57228400C735F3 /* MRDQRCodeReader.swift */ = {isa = PBXFileReference; fileEncoding = 4; lastKnownFileType = sourcecode.swift; path = MRDQRCodeReader.swift; sourceTree = "<group>"; };
		931808971C59ED2500C735F3 /* MRDQRCodeReaderViewController.swift */ = {isa = PBXFileReference; fileEncoding = 4; lastKnownFileType = sourcecode.swift; path = MRDQRCodeReaderViewController.swift; sourceTree = "<group>"; };
		931808991C59F08200C735F3 /* MRDQRCodeReaderOverlayView.swift */ = {isa = PBXFileReference; fileEncoding = 4; lastKnownFileType = sourcecode.swift; path = MRDQRCodeReaderOverlayView.swift; sourceTree = "<group>"; };
		9318089B1C59FC5D00C735F3 /* MRDQRCodeReaderViewControllerBuilder.swift */ = {isa = PBXFileReference; fileEncoding = 4; lastKnownFileType = sourcecode.swift; path = MRDQRCodeReaderViewControllerBuilder.swift; sourceTree = "<group>"; };
/* End PBXFileReference section */

/* Begin PBXFrameworksBuildPhase section */
		9318087B1C571F6100C735F3 /* Frameworks */ = {
			isa = PBXFrameworksBuildPhase;
			buildActionMask = 2147483647;
			files = (
			);
			runOnlyForDeploymentPostprocessing = 0;
		};
/* End PBXFrameworksBuildPhase section */

/* Begin PBXGroup section */
		931808751C571F6100C735F3 = {
			isa = PBXGroup;
			children = (
				931808801C571F6100C735F3 /* MRDQRCode */,
				9318087F1C571F6100C735F3 /* Products */,
			);
			sourceTree = "<group>";
		};
		9318087F1C571F6100C735F3 /* Products */ = {
			isa = PBXGroup;
			children = (
				9318087E1C571F6100C735F3 /* MRDQRCode.app */,
			);
			name = Products;
			sourceTree = "<group>";
		};
		931808801C571F6100C735F3 /* MRDQRCode */ = {
			isa = PBXGroup;
			children = (
				931808811C571F6100C735F3 /* AppDelegate.swift */,
				931808831C571F6100C735F3 /* ViewController.swift */,
				931808931C57228400C735F3 /* MRDQRCodeReader.swift */,
				931808971C59ED2500C735F3 /* MRDQRCodeReaderViewController.swift */,
				931808991C59F08200C735F3 /* MRDQRCodeReaderOverlayView.swift */,
				9318089B1C59FC5D00C735F3 /* MRDQRCodeReaderViewControllerBuilder.swift */,
				931808851C571F6100C735F3 /* Main.storyboard */,
				931808881C571F6100C735F3 /* Assets.xcassets */,
				9318088A1C571F6100C735F3 /* LaunchScreen.storyboard */,
				9318088D1C571F6100C735F3 /* Info.plist */,
			);
			path = MRDQRCode;
			sourceTree = "<group>";
		};
/* End PBXGroup section */

/* Begin PBXNativeTarget section */
		9318087D1C571F6100C735F3 /* MRDQRCode */ = {
			isa = PBXNativeTarget;
			buildConfigurationList = 931808901C571F6100C735F3 /* Build configuration list for PBXNativeTarget "MRDQRCode" */;
			buildPhases = (
				9318087A1C571F6100C735F3 /* Sources */,
				9318087B1C571F6100C735F3 /* Frameworks */,
				9318087C1C571F6100C735F3 /* Resources */,
			);
			buildRules = (
			);
			dependencies = (
			);
			name = MRDQRCode;
			productName = MRDQRCode;
			productReference = 9318087E1C571F6100C735F3 /* MRDQRCode.app */;
			productType = "com.apple.product-type.application";
		};
/* End PBXNativeTarget section */

/* Begin PBXProject section */
		931808761C571F6100C735F3 /* Project object */ = {
			isa = PBXProject;
			attributes = {
				LastSwiftUpdateCheck = 0720;
				LastUpgradeCheck = 0720;
				ORGANIZATIONNAME = disappear;
				TargetAttributes = {
					9318087D1C571F6100C735F3 = {
						CreatedOnToolsVersion = 7.2;
					};
				};
			};
			buildConfigurationList = 931808791C571F6100C735F3 /* Build configuration list for PBXProject "MRDQRCode" */;
			compatibilityVersion = "Xcode 3.2";
			developmentRegion = English;
			hasScannedForEncodings = 0;
			knownRegions = (
				en,
				Base,
			);
			mainGroup = 931808751C571F6100C735F3;
			productRefGroup = 9318087F1C571F6100C735F3 /* Products */;
			projectDirPath = "";
			projectRoot = "";
			targets = (
				9318087D1C571F6100C735F3 /* MRDQRCode */,
			);
		};
/* End PBXProject section */

/* Begin PBXResourcesBuildPhase section */
		9318087C1C571F6100C735F3 /* Resources */ = {
			isa = PBXResourcesBuildPhase;
			buildActionMask = 2147483647;
			files = (
				9318088C1C571F6100C735F3 /* LaunchScreen.storyboard in Resources */,
				931808891C571F6100C735F3 /* Assets.xcassets in Resources */,
				931808871C571F6100C735F3 /* Main.storyboard in Resources */,
			);
			runOnlyForDeploymentPostprocessing = 0;
		};
/* End PBXResourcesBuildPhase section */

/* Begin PBXSourcesBuildPhase section */
		9318087A1C571F6100C735F3 /* Sources */ = {
			isa = PBXSourcesBuildPhase;
			buildActionMask = 2147483647;
			files = (
				931808981C59ED2500C735F3 /* MRDQRCodeReaderViewController.swift in Sources */,
				9318089C1C59FC5D00C735F3 /* MRDQRCodeReaderViewControllerBuilder.swift in Sources */,
				931808941C57228400C735F3 /* MRDQRCodeReader.swift in Sources */,
				931808841C571F6100C735F3 /* ViewController.swift in Sources */,
				931808821C571F6100C735F3 /* AppDelegate.swift in Sources */,
				9318089A1C59F08200C735F3 /* MRDQRCodeReaderOverlayView.swift in Sources */,
			);
			runOnlyForDeploymentPostprocessing = 0;
		};
/* End PBXSourcesBuildPhase section */

/* Begin PBXVariantGroup section */
		931808851C571F6100C735F3 /* Main.storyboard */ = {
			isa = PBXVariantGroup;
			children = (
				931808861C571F6100C735F3 /* Base */,
			);
			name = Main.storyboard;
			sourceTree = "<group>";
		};
		9318088A1C571F6100C735F3 /* LaunchScreen.storyboard */ = {
			isa = PBXVariantGroup;
			children = (
				9318088B1C571F6100C735F3 /* Base */,
			);
			name = LaunchScreen.storyboard;
			sourceTree = "<group>";
		};
/* End PBXVariantGroup section */

/* Begin XCBuildConfiguration section */
		9318088E1C571F6100C735F3 /* Debug */ = {
			isa = XCBuildConfiguration;
			buildSettings = {
				ALWAYS_SEARCH_USER_PATHS = NO;
				CLANG_CXX_LANGUAGE_STANDARD = "gnu++0x";
				CLANG_CXX_LIBRARY = "libc++";
				CLANG_ENABLE_MODULES = YES;
				CLANG_ENABLE_OBJC_ARC = YES;
				CLANG_WARN_BOOL_CONVERSION = YES;
				CLANG_WARN_CONSTANT_CONVERSION = YES;
				CLANG_WARN_DIRECT_OBJC_ISA_USAGE = YES_ERROR;
				CLANG_WARN_EMPTY_BODY = YES;
				CLANG_WARN_ENUM_CONVERSION = YES;
				CLANG_WARN_INT_CONVERSION = YES;
				CLANG_WARN_OBJC_ROOT_CLASS = YES_ERROR;
				CLANG_WARN_UNREACHABLE_CODE = YES;
				CLANG_WARN__DUPLICATE_METHOD_MATCH = YES;
				"CODE_SIGN_IDENTITY[sdk=iphoneos*]" = "iPhone Developer";
				COPY_PHASE_STRIP = NO;
				DEBUG_INFORMATION_FORMAT = dwarf;
				ENABLE_STRICT_OBJC_MSGSEND = YES;
				ENABLE_TESTABILITY = YES;
				GCC_C_LANGUAGE_STANDARD = gnu99;
				GCC_DYNAMIC_NO_PIC = NO;
				GCC_NO_COMMON_BLOCKS = YES;
				GCC_OPTIMIZATION_LEVEL = 0;
				GCC_PREPROCESSOR_DEFINITIONS = (
					"DEBUG=1",
					"$(inherited)",
				);
				GCC_WARN_64_TO_32_BIT_CONVERSION = YES;
				GCC_WARN_ABOUT_RETURN_TYPE = YES_ERROR;
				GCC_WARN_UNDECLARED_SELECTOR = YES;
				GCC_WARN_UNINITIALIZED_AUTOS = YES_AGGRESSIVE;
				GCC_WARN_UNUSED_FUNCTION = YES;
				GCC_WARN_UNUSED_VARIABLE = YES;
				IPHONEOS_DEPLOYMENT_TARGET = 9.2;
				MTL_ENABLE_DEBUG_INFO = YES;
				ONLY_ACTIVE_ARCH = YES;
				SDKROOT = iphoneos;
				SWIFT_OPTIMIZATION_LEVEL = "-Onone";
				TARGETED_DEVICE_FAMILY = "1,2";
			};
			name = Debug;
		};
		9318088F1C571F6100C735F3 /* Release */ = {
			isa = XCBuildConfiguration;
			buildSettings = {
				ALWAYS_SEARCH_USER_PATHS = NO;
				CLANG_CXX_LANGUAGE_STANDARD = "gnu++0x";
				CLANG_CXX_LIBRARY = "libc++";
				CLANG_ENABLE_MODULES = YES;
				CLANG_ENABLE_OBJC_ARC = YES;
				CLANG_WARN_BOOL_CONVERSION = YES;
				CLANG_WARN_CONSTANT_CONVERSION = YES;
				CLANG_WARN_DIRECT_OBJC_ISA_USAGE = YES_ERROR;
				CLANG_WARN_EMPTY_BODY = YES;
				CLANG_WARN_ENUM_CONVERSION = YES;
				CLANG_WARN_INT_CONVERSION = YES;
				CLANG_WARN_OBJC_ROOT_CLASS = YES_ERROR;
				CLANG_WARN_UNREACHABLE_CODE = YES;
				CLANG_WARN__DUPLICATE_METHOD_MATCH = YES;
				"CODE_SIGN_IDENTITY[sdk=iphoneos*]" = "iPhone Developer";
				COPY_PHASE_STRIP = NO;
				DEBUG_INFORMATION_FORMAT = "dwarf-with-dsym";
				ENABLE_NS_ASSERTIONS = NO;
				ENABLE_STRICT_OBJC_MSGSEND = YES;
				GCC_C_LANGUAGE_STANDARD = gnu99;
				GCC_NO_COMMON_BLOCKS = YES;
				GCC_WARN_64_TO_32_BIT_CONVERSION = YES;
				GCC_WARN_ABOUT_RETURN_TYPE = YES_ERROR;
				GCC_WARN_UNDECLARED_SELECTOR = YES;
				GCC_WARN_UNINITIALIZED_AUTOS = YES_AGGRESSIVE;
				GCC_WARN_UNUSED_FUNCTION = YES;
				GCC_WARN_UNUSED_VARIABLE = YES;
				IPHONEOS_DEPLOYMENT_TARGET = 9.2;
				MTL_ENABLE_DEBUG_INFO = NO;
				SDKROOT = iphoneos;
				TARGETED_DEVICE_FAMILY = "1,2";
				VALIDATE_PRODUCT = YES;
			};
			name = Release;
		};
		931808911C571F6100C735F3 /* Debug */ = {
			isa = XCBuildConfiguration;
			buildSettings = {
				ASSETCATALOG_COMPILER_APPICON_NAME = AppIcon;
				INFOPLIST_FILE = MRDQRCode/Info.plist;
				LD_RUNPATH_SEARCH_PATHS = "$(inherited) @executable_path/Frameworks";
				PRODUCT_BUNDLE_IDENTIFIER = com.disappear.MRDQRCode;
				PRODUCT_NAME = "$(TARGET_NAME)";
			};
			name = Debug;
		};
		931808921C571F6100C735F3 /* Release */ = {
			isa = XCBuildConfiguration;
			buildSettings = {
				ASSETCATALOG_COMPILER_APPICON_NAME = AppIcon;
				INFOPLIST_FILE = MRDQRCode/Info.plist;
				LD_RUNPATH_SEARCH_PATHS = "$(inherited) @executable_path/Frameworks";
				PRODUCT_BUNDLE_IDENTIFIER = com.disappear.MRDQRCode;
				PRODUCT_NAME = "$(TARGET_NAME)";
			};
			name = Release;
		};
/* End XCBuildConfiguration section */

/* Begin XCConfigurationList section */
		931808791C571F6100C735F3 /* Build configuration list for PBXProject "MRDQRCode" */ = {
			isa = XCConfigurationList;
			buildConfigurations = (
				9318088E1C571F6100C735F3 /* Debug */,
				9318088F1C571F6100C735F3 /* Release */,
			);
			defaultConfigurationIsVisible = 0;
			defaultConfigurationName = Release;
		};
		931808901C571F6100C735F3 /* Build configuration list for PBXNativeTarget "MRDQRCode" */ = {
			isa = XCConfigurationList;
			buildConfigurations = (
				931808911C571F6100C735F3 /* Debug */,
				931808921C571F6100C735F3 /* Release */,
			);
			defaultConfigurationIsVisible = 0;
			defaultConfigurationName = Release;
		};
/* End XCConfigurationList section */
	};
	rootObject = 931808761C571F6100C735F3 /* Project object */;
}
